
Microsoft Visual Studio Solution File, Format Version 12.00
Project("{FAE04EC0-301F-11D3-BF4B-00C04F79EFBC}") = "lab_SGBD", "lab_SGBD\lab_SGBD.csproj", "{318F6C3C-C037-4E73-87CD-C12F0202CB4B}"
EndProject
Global
	GlobalSection(SolutionConfigurationPlatforms) = preSolution
		Debug|Any CPU = Debug|Any CPU
		Release|Any CPU = Release|Any CPU
	EndGlobalSection
	GlobalSection(ProjectConfigurationPlatforms) = postSolution
		{318F6C3C-C037-4E73-87CD-C12F0202CB4B}.Debug|Any CPU.ActiveCfg = Debug|Any CPU
		{318F6C3C-C037-4E73-87CD-C12F0202CB4B}.Debug|Any CPU.Build.0 = Debug|Any CPU
		{318F6C3C-C037-4E73-87CD-C12F0202CB4B}.Release|Any CPU.ActiveCfg = Release|Any CPU
		{318F6C3C-C037-4E73-87CD-C12F0202CB4B}.Release|Any CPU.Build.0 = Release|Any CPU
	EndGlobalSection
EndGlobal
